
Microsoft Visual Studio Solution File, Format Version 12.00
# Visual Studio Version 16
VisualStudioVersion = 16.0.31605.320
MinimumVisualStudioVersion = 10.0.40219.1
Project("{FAE04EC0-301F-11D3-BF4B-00C04F79EFBC}") = "CPU Scheduling Algorithms", "CPU Scheduling Algorithms\CPU Scheduling Algorithms.csproj", "{1F088284-C921-4395-BE46-EE2EFFA6CF77}"
EndProject
Global
	GlobalSection(SolutionConfigurationPlatforms) = preSolution
		Debug|Any CPU = Debug|Any CPU
		Release|Any CPU = Release|Any CPU
	EndGlobalSection
	GlobalSection(ProjectConfigurationPlatforms) = postSolution
		{1F088284-C921-4395-BE46-EE2EFFA6CF77}.Debug|Any CPU.ActiveCfg = Debug|Any CPU
		{1F088284-C921-4395-BE46-EE2EFFA6CF77}.Debug|Any CPU.Build.0 = Debug|Any CPU
		{1F088284-C921-4395-BE46-EE2EFFA6CF77}.Release|Any CPU.ActiveCfg = Release|Any CPU
		{1F088284-C921-4395-BE46-EE2EFFA6CF77}.Release|Any CPU.Build.0 = Release|Any CPU
	EndGlobalSection
	GlobalSection(SolutionProperties) = preSolution
		HideSolutionNode = FALSE
	EndGlobalSection
	GlobalSection(ExtensibilityGlobals) = postSolution
		SolutionGuid = {C4402D13-48F7-4A84-B4CE-0C468F4A69D8}
	EndGlobalSection
EndGlobal
